github.com/WinChua/gocycle v0.0.0-20200512054434-c9bf212a7ce4/go.mod h1:VIIzhdiN3TTcUHYRs2IT/OL2TDW/BpQCT5GelxFhM9Y=
github.com/WinChua/gocycle2 v0.0.0-20200512054739-b05e71568ea1 h1:FFP5f5EUb32tjYV2pwh3q+DNJosM0H/qGJEAWUcmvLM=
github.com/WinChua/gocycle2 v0.0.0-20200512054739-b05e71568ea1/go.mod h1:BVyDk8bGYHTe3oRJ7CcHblbwlygNcSg9HDAK45GJU3U=
